
Microsoft Visual Studio Solution File, Format Version 12.00
# Visual Studio Version 17
VisualStudioVersion = 17.1.32328.378
MinimumVisualStudioVersion = 10.0.40219.1
Project("{9A19103F-16F7-4668-BE54-9A1E7A4F7556}") = "MareSynchronos", "MareSynchronos\MareSynchronos.csproj", "{13C812E9-0D42-4B95-8646-40EEBF30636F}"
EndProject
Project("{9A19103F-16F7-4668-BE54-9A1E7A4F7556}") = "Penumbra.GameData", "..\..\Penumbra\Penumbra.GameData\Penumbra.GameData.csproj", "{44F7CA6A-898C-4901-ADB8-010BC74FF781}"
EndProject
Project("{9A19103F-16F7-4668-BE54-9A1E7A4F7556}") = "Penumbra.PlayerWatch", "..\..\Penumbra\Penumbra.PlayerWatch\Penumbra.PlayerWatch.csproj", "{2F26FC2D-03DF-445F-A87B-8708D621E86C}"
EndProject
Project("{9A19103F-16F7-4668-BE54-9A1E7A4F7556}") = "MareSynchronos.API", "..\server\MareSynchronosServer\MareSynchronos.API\MareSynchronos.API.csproj", "{4C92F86D-9C84-4F58-9C1A-671AEBACA256}"
EndProject
Global
	GlobalSection(SolutionConfigurationPlatforms) = preSolution
		Debug|Any CPU = Debug|Any CPU
		Debug|x64 = Debug|x64
		Release|Any CPU = Release|Any CPU
		Release|x64 = Release|x64
	EndGlobalSection
	GlobalSection(ProjectConfigurationPlatforms) = postSolution
		{13C812E9-0D42-4B95-8646-40EEBF30636F}.Debug|Any CPU.ActiveCfg = Debug|x64
		{13C812E9-0D42-4B95-8646-40EEBF30636F}.Debug|Any CPU.Build.0 = Debug|x64
		{13C812E9-0D42-4B95-8646-40EEBF30636F}.Debug|x64.ActiveCfg = Debug|x64
		{13C812E9-0D42-4B95-8646-40EEBF30636F}.Debug|x64.Build.0 = Debug|x64
		{13C812E9-0D42-4B95-8646-40EEBF30636F}.Release|Any CPU.ActiveCfg = Release|x64
		{13C812E9-0D42-4B95-8646-40EEBF30636F}.Release|Any CPU.Build.0 = Release|x64
		{13C812E9-0D42-4B95-8646-40EEBF30636F}.Release|x64.ActiveCfg = Release|x64
		{13C812E9-0D42-4B95-8646-40EEBF30636F}.Release|x64.Build.0 = Release|x64
		{44F7CA6A-898C-4901-ADB8-010BC74FF781}.Debug|Any CPU.ActiveCfg = Debug|Any CPU
		{44F7CA6A-898C-4901-ADB8-010BC74FF781}.Debug|Any CPU.Build.0 = Debug|Any CPU
		{44F7CA6A-898C-4901-ADB8-010BC74FF781}.Debug|x64.ActiveCfg = Debug|Any CPU
		{44F7CA6A-898C-4901-ADB8-010BC74FF781}.Debug|x64.Build.0 = Debug|Any CPU
		{44F7CA6A-898C-4901-ADB8-010BC74FF781}.Release|Any CPU.ActiveCfg = Release|Any CPU
		{44F7CA6A-898C-4901-ADB8-010BC74FF781}.Release|Any CPU.Build.0 = Release|Any CPU
		{44F7CA6A-898C-4901-ADB8-010BC74FF781}.Release|x64.ActiveCfg = Release|Any CPU
		{44F7CA6A-898C-4901-ADB8-010BC74FF781}.Release|x64.Build.0 = Release|Any CPU
		{2F26FC2D-03DF-445F-A87B-8708D621E86C}.Debug|Any CPU.ActiveCfg = Debug|Any CPU
		{2F26FC2D-03DF-445F-A87B-8708D621E86C}.Debug|Any CPU.Build.0 = Debug|Any CPU
		{2F26FC2D-03DF-445F-A87B-8708D621E86C}.Debug|x64.ActiveCfg = Debug|Any CPU
		{2F26FC2D-03DF-445F-A87B-8708D621E86C}.Debug|x64.Build.0 = Debug|Any CPU
		{2F26FC2D-03DF-445F-A87B-8708D621E86C}.Release|Any CPU.ActiveCfg = Release|Any CPU
		{2F26FC2D-03DF-445F-A87B-8708D621E86C}.Release|Any CPU.Build.0 = Release|Any CPU
		{2F26FC2D-03DF-445F-A87B-8708D621E86C}.Release|x64.ActiveCfg = Release|Any CPU
		{2F26FC2D-03DF-445F-A87B-8708D621E86C}.Release|x64.Build.0 = Release|Any CPU
		{4C92F86D-9C84-4F58-9C1A-671AEBACA256}.Debug|Any CPU.ActiveCfg = Debug|Any CPU
		{4C92F86D-9C84-4F58-9C1A-671AEBACA256}.Debug|Any CPU.Build.0 = Debug|Any CPU
		{4C92F86D-9C84-4F58-9C1A-671AEBACA256}.Debug|x64.ActiveCfg = Debug|Any CPU
		{4C92F86D-9C84-4F58-9C1A-671AEBACA256}.Debug|x64.Build.0 = Debug|Any CPU
		{4C92F86D-9C84-4F58-9C1A-671AEBACA256}.Release|Any CPU.ActiveCfg = Release|Any CPU
		{4C92F86D-9C84-4F58-9C1A-671AEBACA256}.Release|Any CPU.Build.0 = Release|Any CPU
		{4C92F86D-9C84-4F58-9C1A-671AEBACA256}.Release|x64.ActiveCfg = Release|Any CPU
		{4C92F86D-9C84-4F58-9C1A-671AEBACA256}.Release|x64.Build.0 = Release|Any CPU
	EndGlobalSection
	GlobalSection(SolutionProperties) = preSolution
		HideSolutionNode = FALSE
	EndGlobalSection
	GlobalSection(ExtensibilityGlobals) = postSolution
		SolutionGuid = {B17E85B1-5F60-4440-9F9A-3DDE877E8CDF}
	EndGlobalSection
EndGlobal
